
Microsoft Visual Studio Solution File, Format Version 12.00
# Visual Studio Version 17
VisualStudioVersion = 17.2.32526.322
MinimumVisualStudioVersion = 10.0.40219.1
Project("{FAE04EC0-301F-11D3-BF4B-00C04F79EFBC}") = "GL12EVA3-VisualStudio-GM21057", "GL12EVA3-VisualStudio-GM21057\GL12EVA3-VisualStudio-GM21057.csproj", "{702C1463-CF28-43F5-9D3D-0E9FCD2AAEFB}"
EndProject
Global
	GlobalSection(SolutionConfigurationPlatforms) = preSolution
		Debug|Any CPU = Debug|Any CPU
		Release|Any CPU = Release|Any CPU
	EndGlobalSection
	GlobalSection(ProjectConfigurationPlatforms) = postSolution
		{702C1463-CF28-43F5-9D3D-0E9FCD2AAEFB}.Debug|Any CPU.ActiveCfg = Debug|Any CPU
		{702C1463-CF28-43F5-9D3D-0E9FCD2AAEFB}.Debug|Any CPU.Build.0 = Debug|Any CPU
		{702C1463-CF28-43F5-9D3D-0E9FCD2AAEFB}.Release|Any CPU.ActiveCfg = Release|Any CPU
		{702C1463-CF28-43F5-9D3D-0E9FCD2AAEFB}.Release|Any CPU.Build.0 = Release|Any CPU
	EndGlobalSection
	GlobalSection(SolutionProperties) = preSolution
		HideSolutionNode = FALSE
	EndGlobalSection
	GlobalSection(ExtensibilityGlobals) = postSolution
		SolutionGuid = {C75B211A-810D-44FB-BC4D-3C7830245FC2}
	EndGlobalSection
EndGlobal
